
Microsoft Visual Studio Solution File, Format Version 12.00
# Visual Studio Version 17
VisualStudioVersion = 17.1.32421.90
MinimumVisualStudioVersion = 10.0.40219.1
Project("{9A19103F-16F7-4668-BE54-9A1E7A4F7556}") = "Domain", "Domain\Domain.csproj", "{EF1D3F9C-6112-4E59-8515-48E17440D1A5}"
EndProject
Project("{9A19103F-16F7-4668-BE54-9A1E7A4F7556}") = "Services", "Services\Services.csproj", "{EB228C88-D52E-4D1C-9FA2-D4BA2B064C9B}"
EndProject
Project("{9A19103F-16F7-4668-BE54-9A1E7A4F7556}") = "Repository", "Repository\Repository.csproj", "{AFDB105B-2FEF-468A-80A6-5CC0BBAC5129}"
EndProject
Project("{9A19103F-16F7-4668-BE54-9A1E7A4F7556}") = "WebApplication3", "WebApplication3\WebApplication3.csproj", "{70787364-0FB3-496C-B5D2-BF90B5FA2854}"
EndProject
Project("{FAE04EC0-301F-11D3-BF4B-00C04F79EFBC}") = "EchoAPI", "EchoAPI\EchoAPI.csproj", "{6BECD4EE-8D92-45ED-BA23-7E76CAF21089}"
EndProject
Global
	GlobalSection(SolutionConfigurationPlatforms) = preSolution
		Debug|Any CPU = Debug|Any CPU
		Release|Any CPU = Release|Any CPU
	EndGlobalSection
	GlobalSection(ProjectConfigurationPlatforms) = postSolution
		{EF1D3F9C-6112-4E59-8515-48E17440D1A5}.Debug|Any CPU.ActiveCfg = Debug|Any CPU
		{EF1D3F9C-6112-4E59-8515-48E17440D1A5}.Debug|Any CPU.Build.0 = Debug|Any CPU
		{EF1D3F9C-6112-4E59-8515-48E17440D1A5}.Release|Any CPU.ActiveCfg = Release|Any CPU
		{EF1D3F9C-6112-4E59-8515-48E17440D1A5}.Release|Any CPU.Build.0 = Release|Any CPU
		{EB228C88-D52E-4D1C-9FA2-D4BA2B064C9B}.Debug|Any CPU.ActiveCfg = Debug|Any CPU
		{EB228C88-D52E-4D1C-9FA2-D4BA2B064C9B}.Debug|Any CPU.Build.0 = Debug|Any CPU
		{EB228C88-D52E-4D1C-9FA2-D4BA2B064C9B}.Release|Any CPU.ActiveCfg = Release|Any CPU
		{EB228C88-D52E-4D1C-9FA2-D4BA2B064C9B}.Release|Any CPU.Build.0 = Release|Any CPU
		{AFDB105B-2FEF-468A-80A6-5CC0BBAC5129}.Debug|Any CPU.ActiveCfg = Debug|Any CPU
		{AFDB105B-2FEF-468A-80A6-5CC0BBAC5129}.Debug|Any CPU.Build.0 = Debug|Any CPU
		{AFDB105B-2FEF-468A-80A6-5CC0BBAC5129}.Release|Any CPU.ActiveCfg = Release|Any CPU
		{AFDB105B-2FEF-468A-80A6-5CC0BBAC5129}.Release|Any CPU.Build.0 = Release|Any CPU
		{70787364-0FB3-496C-B5D2-BF90B5FA2854}.Debug|Any CPU.ActiveCfg = Debug|Any CPU
		{70787364-0FB3-496C-B5D2-BF90B5FA2854}.Debug|Any CPU.Build.0 = Debug|Any CPU
		{70787364-0FB3-496C-B5D2-BF90B5FA2854}.Release|Any CPU.ActiveCfg = Release|Any CPU
		{70787364-0FB3-496C-B5D2-BF90B5FA2854}.Release|Any CPU.Build.0 = Release|Any CPU
		{6BECD4EE-8D92-45ED-BA23-7E76CAF21089}.Debug|Any CPU.ActiveCfg = Debug|Any CPU
		{6BECD4EE-8D92-45ED-BA23-7E76CAF21089}.Debug|Any CPU.Build.0 = Debug|Any CPU
		{6BECD4EE-8D92-45ED-BA23-7E76CAF21089}.Release|Any CPU.ActiveCfg = Release|Any CPU
		{6BECD4EE-8D92-45ED-BA23-7E76CAF21089}.Release|Any CPU.Build.0 = Release|Any CPU
	EndGlobalSection
	GlobalSection(SolutionProperties) = preSolution
		HideSolutionNode = FALSE
	EndGlobalSection
	GlobalSection(ExtensibilityGlobals) = postSolution
		SolutionGuid = {44C26036-8E79-498C-BACE-79B503B5A98C}
	EndGlobalSection
EndGlobal
